github.com/99designs/gqlgen v0.0.0-20180814003116-5a0b56aa613b h1:KGSrAAtqhdXNbV4Q6Bmhi0+tpkBolwjzeA5BqPdgtoU=
github.com/99designs/gqlgen v0.0.0-20180814003116-5a0b56aa613b/go.mod h1:KSQDfLlTTGmzlRgLGm6HeKKKo598l5E2svEM6Nz2Jnw=
github.com/99designs/gqlgen v0.4.4 h1:PizqWc/bsp/2msJOCsaxHaSLZj0y6HRnZ2RriKYxH8s=
github.com/99designs/gqlgen v0.4.4/go.mod h1:KSQDfLlTTGmzlRgLGm6HeKKKo598l5E2svEM6Nz2Jnw=
github.com/99designs/gqlgen v0.4.5-0.20180821074430-072363c777fa h1:gR9v0VO0GmGHcgM7utKxebexrGaKJ9j22Dy2NdohgWs=
github.com/99designs/gqlgen v0.4.5-0.20180821074430-072363c777fa/go.mod h1:KSQDfLlTTGmzlRgLGm6HeKKKo598l5E2svEM6Nz2Jnw=
github.com/agnivade/levenshtein v0.0.0-20180724063918-3d21ba515fe2 h1:bVI7LoThoMAuAakU61uMPcsszygQL6PY1zm1yKmvGT4=
github.com/agnivade/levenshtein v0.0.0-20180724063918-3d21ba515fe2/go.mod h1:CURSv5d9Uaml+FovSIICkLbAUZ9S4RqaHDIsdSBg7lM=
github.com/agnivade/levenshtein v1.0.0 h1:q+77q31bLT5jhN3BHKA1276nUEdbz7XjDa0o5dRKcZ0=
github.com/agnivade/levenshtein v1.0.0/go.mod h1:CURSv5d9Uaml+FovSIICkLbAUZ9S4RqaHDIsdSBg7lM=
github.com/gorilla/websocket v1.2.0/go.mod h1:E7qHFY5m1UJ88s3WnNqhKjPHQ0heANvMoAMk2YaljkQ=
github.com/pkg/errors v0.8.0/go.mod h1:bwawxfHBFNV+L2hUp1rHADufV3IMtnDRdf1r5NINEl0=
github.com/spf13/cobra v0.0.3 h1:ZlrZ4XsMRm04Fr5pSFxBgfND2EBVa1nLpiy1stUsX/8=
github.com/spf13/cobra v0.0.3/go.mod h1:1l0Ry5zgKvJasoi3XT1TypsSe7PqH0Sj9dhYf7v3XqQ=
github.com/spf13/pflag v1.0.2 h1:Fy0orTDgHdbnzHcsOgfCN4LtHf0ec3wwtiwJqwvf3Gc=
github.com/spf13/pflag v1.0.2/go.mod h1:DYY7MBk1bdzusC3SYhjObp+wFpr4gzcvqqNjLnInEg4=
github.com/vektah/gqlparser v0.0.0-20180814042155-04021c23cb38 h1:KQNsJZF9eYn/tL5z9xVSY62pXy09rJF6e+thCnDViPQ=
github.com/vektah/gqlparser v0.0.0-20180814042155-04021c23cb38/go.mod h1:K4QdSSpS2XiHHwzb18kWh3iBljB8rLC8okGXsnQy3Nc=
github.com/vektah/gqlparser v0.0.0-20180821012441-91abf84889ff h1:fpRgpP/LtRk9J9FHpWF8TzjlPBQn0z1f8nTKCRG5oTY=
github.com/vektah/gqlparser v0.0.0-20180821012441-91abf84889ff/go.mod h1:K4QdSSpS2XiHHwzb18kWh3iBljB8rLC8okGXsnQy3Nc=
golang.org/x/tools v0.0.0-20180820211100-c1406c36efe2 h1:KroSIosN3MmXy3yAfpbGp3N+b2EvUbjiDXEggSH3RBY=
golang.org/x/tools v0.0.0-20180820211100-c1406c36efe2/go.mod h1:n7NCudcB/nEzxVGmLbDWY5pfWTLqBcC2KZ6jyYvM4mQ=
gopkg.in/check.v1 v0.0.0-20161208181325-20d25e280405/go.mod h1:Co6ibVJAznAaIkqp8huTwlJQCZ016jof/cbN4VW5Yz0=
gopkg.in/yaml.v2 v2.2.1 h1:mUhvW9EsL+naU5Q3cakzfE91YhliOondGd6ZrsDBHQE=
gopkg.in/yaml.v2 v2.2.1/go.mod h1:hI93XBmqTisBFMUTm0b8Fm+jr3Dg1NNxqwp+5A1VGuI=
